
Microsoft Visual Studio Solution File, Format Version 12.00
# Visual Studio Version 16
VisualStudioVersion = 16.0.28803.202
MinimumVisualStudioVersion = 10.0.40219.1
Project("{888888A0-9F3D-457C-B088-3A5042F75D52}") = "mlmlml", "mlmlml\mlmlml.pyproj", "{F61CE508-40AD-4B0C-BE87-1E199CCB222B}"
EndProject
Global
	GlobalSection(SolutionConfigurationPlatforms) = preSolution
		Debug|Any CPU = Debug|Any CPU
		Release|Any CPU = Release|Any CPU
	EndGlobalSection
	GlobalSection(ProjectConfigurationPlatforms) = postSolution
		{F61CE508-40AD-4B0C-BE87-1E199CCB222B}.Debug|Any CPU.ActiveCfg = Debug|Any CPU
		{F61CE508-40AD-4B0C-BE87-1E199CCB222B}.Release|Any CPU.ActiveCfg = Release|Any CPU
	EndGlobalSection
	GlobalSection(SolutionProperties) = preSolution
		HideSolutionNode = FALSE
	EndGlobalSection
	GlobalSection(ExtensibilityGlobals) = postSolution
		SolutionGuid = {04F9878F-2290-42DB-A374-6C385713EC2E}
	EndGlobalSection
EndGlobal
